
Microsoft Visual Studio Solution File, Format Version 12.00
# Visual Studio Version 17
VisualStudioVersion = 17.4.33205.214
MinimumVisualStudioVersion = 10.0.40219.1
Project("{FAE04EC0-301F-11D3-BF4B-00C04F79EFBC}") = "task1", "task1\task1.csproj", "{D6D91E4E-7D9B-4764-9B03-A0C92BF02B11}"
EndProject
Global
	GlobalSection(SolutionConfigurationPlatforms) = preSolution
		Debug|Any CPU = Debug|Any CPU
		Release|Any CPU = Release|Any CPU
	EndGlobalSection
	GlobalSection(ProjectConfigurationPlatforms) = postSolution
		{D6D91E4E-7D9B-4764-9B03-A0C92BF02B11}.Debug|Any CPU.ActiveCfg = Debug|Any CPU
		{D6D91E4E-7D9B-4764-9B03-A0C92BF02B11}.Debug|Any CPU.Build.0 = Debug|Any CPU
		{D6D91E4E-7D9B-4764-9B03-A0C92BF02B11}.Release|Any CPU.ActiveCfg = Release|Any CPU
		{D6D91E4E-7D9B-4764-9B03-A0C92BF02B11}.Release|Any CPU.Build.0 = Release|Any CPU
	EndGlobalSection
	GlobalSection(SolutionProperties) = preSolution
		HideSolutionNode = FALSE
	EndGlobalSection
	GlobalSection(ExtensibilityGlobals) = postSolution
		SolutionGuid = {2328FD37-16B8-4097-BDE1-8FA790984E02}
	EndGlobalSection
EndGlobal
